
Microsoft Visual Studio Solution File, Format Version 12.00
# Visual Studio Version 16
VisualStudioVersion = 16.0.29519.87
MinimumVisualStudioVersion = 10.0.40219.1
Project("{FAE04EC0-301F-11D3-BF4B-00C04F79EFBC}") = "forsure", "forsure\forsure.csproj", "{3FE7E21B-B37D-4E44-820D-0F67A0B3502A}"
EndProject
Global
	GlobalSection(SolutionConfigurationPlatforms) = preSolution
		Debug|Any CPU = Debug|Any CPU
		Release|Any CPU = Release|Any CPU
	EndGlobalSection
	GlobalSection(ProjectConfigurationPlatforms) = postSolution
		{3FE7E21B-B37D-4E44-820D-0F67A0B3502A}.Debug|Any CPU.ActiveCfg = Debug|Any CPU
		{3FE7E21B-B37D-4E44-820D-0F67A0B3502A}.Debug|Any CPU.Build.0 = Debug|Any CPU
		{3FE7E21B-B37D-4E44-820D-0F67A0B3502A}.Release|Any CPU.ActiveCfg = Release|Any CPU
		{3FE7E21B-B37D-4E44-820D-0F67A0B3502A}.Release|Any CPU.Build.0 = Release|Any CPU
	EndGlobalSection
	GlobalSection(SolutionProperties) = preSolution
		HideSolutionNode = FALSE
	EndGlobalSection
	GlobalSection(ExtensibilityGlobals) = postSolution
		SolutionGuid = {B97AC65F-6B75-47EF-9D0C-00232E4EF38A}
	EndGlobalSection
EndGlobal
